
Microsoft Visual Studio Solution File, Format Version 12.00
# Visual Studio Version 16
VisualStudioVersion = 16.0.30225.117
MinimumVisualStudioVersion = 10.0.40219.1
Project("{FAE04EC0-301F-11D3-BF4B-00C04F79EFBC}") = "Sol_Demo", "Sol_Demo\Sol_Demo.csproj", "{7FC4BAEB-4ADE-43DD-A4CE-8FD22639D310}"
EndProject
Global
	GlobalSection(SolutionConfigurationPlatforms) = preSolution
		Debug|Any CPU = Debug|Any CPU
		Release|Any CPU = Release|Any CPU
	EndGlobalSection
	GlobalSection(ProjectConfigurationPlatforms) = postSolution
		{7FC4BAEB-4ADE-43DD-A4CE-8FD22639D310}.Debug|Any CPU.ActiveCfg = Debug|Any CPU
		{7FC4BAEB-4ADE-43DD-A4CE-8FD22639D310}.Debug|Any CPU.Build.0 = Debug|Any CPU
		{7FC4BAEB-4ADE-43DD-A4CE-8FD22639D310}.Release|Any CPU.ActiveCfg = Release|Any CPU
		{7FC4BAEB-4ADE-43DD-A4CE-8FD22639D310}.Release|Any CPU.Build.0 = Release|Any CPU
	EndGlobalSection
	GlobalSection(SolutionProperties) = preSolution
		HideSolutionNode = FALSE
	EndGlobalSection
	GlobalSection(ExtensibilityGlobals) = postSolution
		SolutionGuid = {D9F5BD4F-44A3-42AF-9B12-E06B65D5161B}
	EndGlobalSection
EndGlobal
